
Microsoft Visual Studio Solution File, Format Version 12.00
# Visual Studio 2012
Project("{FAE04EC0-301F-11D3-BF4B-00C04F79EFBC}") = "02. CompareMathOperations", "02. CompareMathOperations\02. CompareMathOperations.csproj", "{7D378969-8C4B-4AF5-9CFE-894072BD5776}"
EndProject
Project("{2150E333-8FDC-42A3-9474-1A3956D46DE8}") = "01. SolarSystemScreenshots", "01. SolarSystemScreenshots", "{EBA65EC4-252C-426D-8047-5F9FE0AA1860}"
	ProjectSection(SolutionItems) = preProject
		JustTrace1.png = JustTrace1.png
		JustTrace2.png = JustTrace2.png
		JustTrace3.png = JustTrace3.png
	EndProjectSection
EndProject
Project("{FAE04EC0-301F-11D3-BF4B-00C04F79EFBC}") = "03. CompareSqrtLogSinus", "03. CompareSqrtLogSinus\03. CompareSqrtLogSinus.csproj", "{9C630465-F1CC-4979-8BC5-C1EAEEE55800}"
EndProject
Global
	GlobalSection(SolutionConfigurationPlatforms) = preSolution
		Debug|Any CPU = Debug|Any CPU
		Release|Any CPU = Release|Any CPU
	EndGlobalSection
	GlobalSection(ProjectConfigurationPlatforms) = postSolution
		{7D378969-8C4B-4AF5-9CFE-894072BD5776}.Debug|Any CPU.ActiveCfg = Debug|Any CPU
		{7D378969-8C4B-4AF5-9CFE-894072BD5776}.Debug|Any CPU.Build.0 = Debug|Any CPU
		{7D378969-8C4B-4AF5-9CFE-894072BD5776}.Release|Any CPU.ActiveCfg = Release|Any CPU
		{7D378969-8C4B-4AF5-9CFE-894072BD5776}.Release|Any CPU.Build.0 = Release|Any CPU
		{9C630465-F1CC-4979-8BC5-C1EAEEE55800}.Debug|Any CPU.ActiveCfg = Debug|Any CPU
		{9C630465-F1CC-4979-8BC5-C1EAEEE55800}.Debug|Any CPU.Build.0 = Debug|Any CPU
		{9C630465-F1CC-4979-8BC5-C1EAEEE55800}.Release|Any CPU.ActiveCfg = Release|Any CPU
		{9C630465-F1CC-4979-8BC5-C1EAEEE55800}.Release|Any CPU.Build.0 = Release|Any CPU
	EndGlobalSection
	GlobalSection(SolutionProperties) = preSolution
		HideSolutionNode = FALSE
	EndGlobalSection
EndGlobal
