
Microsoft Visual Studio Solution File, Format Version 12.00
# Visual Studio 2012
Project("{FAE04EC0-301F-11D3-BF4B-00C04F79EFBC}") = "01. RefactorCode01", "01. RefactorCode01\01. RefactorCode01.csproj", "{9B069266-5CAB-4E57-A519-697D7E1FF866}"
EndProject
Global
	GlobalSection(SolutionConfigurationPlatforms) = preSolution
		Debug|Any CPU = Debug|Any CPU
		Release|Any CPU = Release|Any CPU
	EndGlobalSection
	GlobalSection(ProjectConfigurationPlatforms) = postSolution
		{9B069266-5CAB-4E57-A519-697D7E1FF866}.Debug|Any CPU.ActiveCfg = Debug|Any CPU
		{9B069266-5CAB-4E57-A519-697D7E1FF866}.Debug|Any CPU.Build.0 = Debug|Any CPU
		{9B069266-5CAB-4E57-A519-697D7E1FF866}.Release|Any CPU.ActiveCfg = Release|Any CPU
		{9B069266-5CAB-4E57-A519-697D7E1FF866}.Release|Any CPU.Build.0 = Release|Any CPU
	EndGlobalSection
	GlobalSection(SolutionProperties) = preSolution
		HideSolutionNode = FALSE
	EndGlobalSection
EndGlobal
